
Microsoft Visual Studio Solution File, Format Version 12.00
# Visual Studio 2013
VisualStudioVersion = 12.0.21005.1
MinimumVisualStudioVersion = 10.0.40219.1
Project("{FAE04EC0-301F-11D3-BF4B-00C04F79EFBC}") = "PythagoreanTriple_App", "PythagoreanTriple_App\PythagoreanTriple_App.csproj", "{C060556F-4143-48DD-892B-5B26D6A7C969}"
EndProject
Global
	GlobalSection(SolutionConfigurationPlatforms) = preSolution
		Debug|Any CPU = Debug|Any CPU
		Release|Any CPU = Release|Any CPU
	EndGlobalSection
	GlobalSection(ProjectConfigurationPlatforms) = postSolution
		{C060556F-4143-48DD-892B-5B26D6A7C969}.Debug|Any CPU.ActiveCfg = Debug|Any CPU
		{C060556F-4143-48DD-892B-5B26D6A7C969}.Debug|Any CPU.Build.0 = Debug|Any CPU
		{C060556F-4143-48DD-892B-5B26D6A7C969}.Release|Any CPU.ActiveCfg = Release|Any CPU
		{C060556F-4143-48DD-892B-5B26D6A7C969}.Release|Any CPU.Build.0 = Release|Any CPU
	EndGlobalSection
	GlobalSection(SolutionProperties) = preSolution
		HideSolutionNode = FALSE
	EndGlobalSection
EndGlobal
